
Microsoft Visual Studio Solution File, Format Version 11.00
# Visual Studio 2010
Project("{FAE04EC0-301F-11D3-BF4B-00C04F79EFBC}") = "TrendSearch.Domain", "TrendSearch.Domain\TrendSearch.Domain.csproj", "{C53066A9-478F-4F57-B545-EF55B54275BD}"
EndProject
Project("{FAE04EC0-301F-11D3-BF4B-00C04F79EFBC}") = "TrendSearch.Web.App", "TrendSearch.Web.App\TrendSearch.Web.App.csproj", "{E7A693F4-E2D7-4952-A270-1E5F2B420815}"
EndProject
Global
	GlobalSection(SolutionConfigurationPlatforms) = preSolution
		Debug|Any CPU = Debug|Any CPU
		Release|Any CPU = Release|Any CPU
	EndGlobalSection
	GlobalSection(ProjectConfigurationPlatforms) = postSolution
		{C53066A9-478F-4F57-B545-EF55B54275BD}.Debug|Any CPU.ActiveCfg = Debug|Any CPU
		{C53066A9-478F-4F57-B545-EF55B54275BD}.Debug|Any CPU.Build.0 = Debug|Any CPU
		{C53066A9-478F-4F57-B545-EF55B54275BD}.Release|Any CPU.ActiveCfg = Release|Any CPU
		{C53066A9-478F-4F57-B545-EF55B54275BD}.Release|Any CPU.Build.0 = Release|Any CPU
		{E7A693F4-E2D7-4952-A270-1E5F2B420815}.Debug|Any CPU.ActiveCfg = Debug|Any CPU
		{E7A693F4-E2D7-4952-A270-1E5F2B420815}.Debug|Any CPU.Build.0 = Debug|Any CPU
		{E7A693F4-E2D7-4952-A270-1E5F2B420815}.Release|Any CPU.ActiveCfg = Release|Any CPU
		{E7A693F4-E2D7-4952-A270-1E5F2B420815}.Release|Any CPU.Build.0 = Release|Any CPU
	EndGlobalSection
	GlobalSection(SolutionProperties) = preSolution
		HideSolutionNode = FALSE
	EndGlobalSection
EndGlobal
